
Microsoft Visual Studio Solution File, Format Version 12.00
# Visual Studio 15
VisualStudioVersion = 15.0.26730.12
MinimumVisualStudioVersion = 10.0.40219.1
Project("{FAE04EC0-301F-11D3-BF4B-00C04F79EFBC}") = "webCrawler", "webCrawler\webCrawler.csproj", "{90128DC8-9EB3-49BC-9B85-CF13D49B3C43}"
EndProject
Global
	GlobalSection(SolutionConfigurationPlatforms) = preSolution
		Debug|Any CPU = Debug|Any CPU
		Debug|x64 = Debug|x64
		Release|Any CPU = Release|Any CPU
		Release|x64 = Release|x64
	EndGlobalSection
	GlobalSection(ProjectConfigurationPlatforms) = postSolution
		{90128DC8-9EB3-49BC-9B85-CF13D49B3C43}.Debug|Any CPU.ActiveCfg = Debug|Any CPU
		{90128DC8-9EB3-49BC-9B85-CF13D49B3C43}.Debug|Any CPU.Build.0 = Debug|Any CPU
		{90128DC8-9EB3-49BC-9B85-CF13D49B3C43}.Debug|x64.ActiveCfg = Debug|x64
		{90128DC8-9EB3-49BC-9B85-CF13D49B3C43}.Debug|x64.Build.0 = Debug|x64
		{90128DC8-9EB3-49BC-9B85-CF13D49B3C43}.Release|Any CPU.ActiveCfg = Release|Any CPU
		{90128DC8-9EB3-49BC-9B85-CF13D49B3C43}.Release|Any CPU.Build.0 = Release|Any CPU
		{90128DC8-9EB3-49BC-9B85-CF13D49B3C43}.Release|x64.ActiveCfg = Release|x64
		{90128DC8-9EB3-49BC-9B85-CF13D49B3C43}.Release|x64.Build.0 = Release|x64
	EndGlobalSection
	GlobalSection(SolutionProperties) = preSolution
		HideSolutionNode = FALSE
	EndGlobalSection
	GlobalSection(ExtensibilityGlobals) = postSolution
		SolutionGuid = {492FFDEE-4F91-412C-980F-7648966D4B65}
	EndGlobalSection
EndGlobal
